
Microsoft Visual Studio Solution File, Format Version 12.00
# Visual Studio Version 16
VisualStudioVersion = 16.0.31229.75
MinimumVisualStudioVersion = 10.0.40219.1
Project("{9A19103F-16F7-4668-BE54-9A1E7A4F7556}") = "HelloApp", "HelloApp\HelloApp.csproj", "{A5A116CC-7678-4175-AA5A-1641B083CEF8}"
EndProject
Project("{9A19103F-16F7-4668-BE54-9A1E7A4F7556}") = "Variable", "Variable\Variable.csproj", "{79EE5A6F-F64D-4E08-B883-3B1CC8AF241F}"
EndProject
Project("{9A19103F-16F7-4668-BE54-9A1E7A4F7556}") = "Types", "Types\Types.csproj", "{ABAAE765-9604-4670-9847-92CB82E9EDE6}"
EndProject
Project("{9A19103F-16F7-4668-BE54-9A1E7A4F7556}") = "ConsoleInputOutput", "ConsoleInputOutput\ConsoleInputOutput.csproj", "{2AC68BFA-2FEC-4F24-A91D-14CABAB65C9A}"
EndProject
Project("{9A19103F-16F7-4668-BE54-9A1E7A4F7556}") = "IncrementDecrement", "IncrementDecrement\IncrementDecrement.csproj", "{B79B84FA-DAB1-4AE8-B12C-523DE8E112C5}"
EndProject
Project("{9A19103F-16F7-4668-BE54-9A1E7A4F7556}") = "SimpleXOR", "SimpleXOR\SimpleXOR.csproj", "{E0531CC2-8E8C-487D-98EA-F96685144986}"
EndProject
Project("{9A19103F-16F7-4668-BE54-9A1E7A4F7556}") = "SimpleTryCatch", "SimpleTryCatch\SimpleTryCatch.csproj", "{E7958AA0-8338-4A5A-8268-1C3C6A9407E5}"
EndProject
Project("{9A19103F-16F7-4668-BE54-9A1E7A4F7556}") = "SimpleIfElseSwitchCase", "SimpleIfElseSwitchCase\SimpleIfElseSwitchCase.csproj", "{2E527A33-6104-49FB-AFE3-913F1C67AC51}"
EndProject
Project("{9A19103F-16F7-4668-BE54-9A1E7A4F7556}") = "SimpleCycle", "SimpleCycle\SimpleCycle.csproj", "{3C80848A-3F5E-4F52-80DF-F8A1E05FF91C}"
EndProject
Project("{9A19103F-16F7-4668-BE54-9A1E7A4F7556}") = "SimpleMassiv", "SimpleMassiv\SimpleMassiv.csproj", "{EBC47A6A-6E3D-48D3-ACFA-38E901A6BB8B}"
EndProject
Project("{9A19103F-16F7-4668-BE54-9A1E7A4F7556}") = "SimpleMethods", "SimpleMethods\SimpleMethods.csproj", "{B71318CB-2BD7-4851-A28D-23C0F80D8CF6}"
EndProject
Project("{9A19103F-16F7-4668-BE54-9A1E7A4F7556}") = "SimpleParams", "SimpleParams\SimpleParams.csproj", "{5E73974D-360D-4B2F-8112-0147100C905A}"
EndProject
Project("{9A19103F-16F7-4668-BE54-9A1E7A4F7556}") = "SimpleMassParams", "SimpleMassParams\SimpleMassParams.csproj", "{FE1E7661-A833-4089-9CAC-BAB058E9D919}"
EndProject
Project("{9A19103F-16F7-4668-BE54-9A1E7A4F7556}") = "SimpleVisibleArea", "SimpleVisibleArea\SimpleVisibleArea.csproj", "{7EC0ABE5-6097-4D2F-A45F-EDAA2AF5BE58}"
EndProject
Project("{9A19103F-16F7-4668-BE54-9A1E7A4F7556}") = "SimpleRecursion", "SimpleRecursion\SimpleRecursion.csproj", "{921BA32A-336F-4CBA-8D3C-42C9047B3D41}"
EndProject
Project("{9A19103F-16F7-4668-BE54-9A1E7A4F7556}") = "SimpleEnum", "SimpleEnum\SimpleEnum.csproj", "{D2D27E23-A031-436A-A932-AD78EB0E3729}"
EndProject
Project("{9A19103F-16F7-4668-BE54-9A1E7A4F7556}") = "SimpleCortej", "SimpleCortej\SimpleCortej.csproj", "{8CD5CF86-6C5B-463A-80D0-AD7E66930F87}"
EndProject
Project("{9A19103F-16F7-4668-BE54-9A1E7A4F7556}") = "SimpleClassConstruct", "SimpleClassConstruct\SimpleClassConstruct.csproj", "{CD0E0F70-7BA1-4628-8BE5-D60BC99ADB97}"
EndProject
Project("{9A19103F-16F7-4668-BE54-9A1E7A4F7556}") = "SimpleStruct", "SimpleStruct\SimpleStruct.csproj", "{9259A6C8-1765-4617-812E-D1393B559B07}"
EndProject
Project("{2150E333-8FDC-42A3-9474-1A3956D46DE8}") = "Chapter 1", "Chapter 1", "{1B1D6781-2A7F-483C-83BA-0521717CBD74}"
EndProject
Project("{2150E333-8FDC-42A3-9474-1A3956D46DE8}") = "Chapter 3", "Chapter 3", "{064B7AF7-6033-42A5-87D5-BF889D060C90}"
EndProject
Project("{2150E333-8FDC-42A3-9474-1A3956D46DE8}") = "Chapter 2", "Chapter 2", "{B626AB7C-024D-45E0-B9CF-140F2C4F81C4}"
EndProject
Project("{9A19103F-16F7-4668-BE54-9A1E7A4F7556}") = "ObjectTypes", "ObjectTypes\ObjectTypes.csproj", "{5EC6F1C9-14D8-449E-9167-8C70A5921E10}"
EndProject
Project("{9A19103F-16F7-4668-BE54-9A1E7A4F7556}") = "AccessModifiers", "AccessModifiers\AccessModifiers.csproj", "{128B2023-4A3D-48D1-9DC9-AC2304E4E80F}"
EndProject
Project("{9A19103F-16F7-4668-BE54-9A1E7A4F7556}") = "Properties", "Properties\Properties.csproj", "{41510721-C8AB-46F0-A444-4E4C915D2C81}"
EndProject
Project("{9A19103F-16F7-4668-BE54-9A1E7A4F7556}") = "MethodReset", "MethodReset\MethodReset.csproj", "{45897D4D-C63F-462A-A2E0-D2B42E19E5B4}"
EndProject
Project("{9A19103F-16F7-4668-BE54-9A1E7A4F7556}") = "Static", "Static\Static.csproj", "{AED407BA-019F-4883-AB70-72BEF18C475E}"
EndProject
Project("{FAE04EC0-301F-11D3-BF4B-00C04F79EFBC}") = "ConstReadOnly", "ConstReadOnly\ConstReadOnly.csproj", "{BC0F684D-E979-42FD-8922-4A4A9259BF04}"
EndProject
Project("{FAE04EC0-301F-11D3-BF4B-00C04F79EFBC}") = "OperatorsReset", "OperatorsReset\OperatorsReset.csproj", "{F31D0150-3A01-463E-BD7C-B83541E1E979}"
EndProject
Project("{FAE04EC0-301F-11D3-BF4B-00C04F79EFBC}") = "NullOperator", "NullOperator\NullOperator.csproj", "{819343F4-A2A3-4808-A0DC-59E628B6C1CA}"
EndProject
Project("{FAE04EC0-301F-11D3-BF4B-00C04F79EFBC}") = "Indexsator", "Indexsator\Indexsator.csproj", "{0446C2DC-5631-4CDF-827E-48063AB3B2F4}"
EndProject
Project("{FAE04EC0-301F-11D3-BF4B-00C04F79EFBC}") = "IndexExtra", "IndexExtra\IndexExtra.csproj", "{9DC12F91-1D6A-4CD0-AC9B-C665FF600D41}"
EndProject
Global
	GlobalSection(SolutionConfigurationPlatforms) = preSolution
		Debug|Any CPU = Debug|Any CPU
		Release|Any CPU = Release|Any CPU
	EndGlobalSection
	GlobalSection(ProjectConfigurationPlatforms) = postSolution
		{A5A116CC-7678-4175-AA5A-1641B083CEF8}.Debug|Any CPU.ActiveCfg = Debug|Any CPU
		{A5A116CC-7678-4175-AA5A-1641B083CEF8}.Debug|Any CPU.Build.0 = Debug|Any CPU
		{A5A116CC-7678-4175-AA5A-1641B083CEF8}.Release|Any CPU.ActiveCfg = Release|Any CPU
		{A5A116CC-7678-4175-AA5A-1641B083CEF8}.Release|Any CPU.Build.0 = Release|Any CPU
		{79EE5A6F-F64D-4E08-B883-3B1CC8AF241F}.Debug|Any CPU.ActiveCfg = Debug|Any CPU
		{79EE5A6F-F64D-4E08-B883-3B1CC8AF241F}.Debug|Any CPU.Build.0 = Debug|Any CPU
		{79EE5A6F-F64D-4E08-B883-3B1CC8AF241F}.Release|Any CPU.ActiveCfg = Release|Any CPU
		{79EE5A6F-F64D-4E08-B883-3B1CC8AF241F}.Release|Any CPU.Build.0 = Release|Any CPU
		{ABAAE765-9604-4670-9847-92CB82E9EDE6}.Debug|Any CPU.ActiveCfg = Debug|Any CPU
		{ABAAE765-9604-4670-9847-92CB82E9EDE6}.Debug|Any CPU.Build.0 = Debug|Any CPU
		{ABAAE765-9604-4670-9847-92CB82E9EDE6}.Release|Any CPU.ActiveCfg = Release|Any CPU
		{ABAAE765-9604-4670-9847-92CB82E9EDE6}.Release|Any CPU.Build.0 = Release|Any CPU
		{2AC68BFA-2FEC-4F24-A91D-14CABAB65C9A}.Debug|Any CPU.ActiveCfg = Debug|Any CPU
		{2AC68BFA-2FEC-4F24-A91D-14CABAB65C9A}.Debug|Any CPU.Build.0 = Debug|Any CPU
		{2AC68BFA-2FEC-4F24-A91D-14CABAB65C9A}.Release|Any CPU.ActiveCfg = Release|Any CPU
		{2AC68BFA-2FEC-4F24-A91D-14CABAB65C9A}.Release|Any CPU.Build.0 = Release|Any CPU
		{B79B84FA-DAB1-4AE8-B12C-523DE8E112C5}.Debug|Any CPU.ActiveCfg = Debug|Any CPU
		{B79B84FA-DAB1-4AE8-B12C-523DE8E112C5}.Debug|Any CPU.Build.0 = Debug|Any CPU
		{B79B84FA-DAB1-4AE8-B12C-523DE8E112C5}.Release|Any CPU.ActiveCfg = Release|Any CPU
		{B79B84FA-DAB1-4AE8-B12C-523DE8E112C5}.Release|Any CPU.Build.0 = Release|Any CPU
		{E0531CC2-8E8C-487D-98EA-F96685144986}.Debug|Any CPU.ActiveCfg = Debug|Any CPU
		{E0531CC2-8E8C-487D-98EA-F96685144986}.Debug|Any CPU.Build.0 = Debug|Any CPU
		{E0531CC2-8E8C-487D-98EA-F96685144986}.Release|Any CPU.ActiveCfg = Release|Any CPU
		{E0531CC2-8E8C-487D-98EA-F96685144986}.Release|Any CPU.Build.0 = Release|Any CPU
		{E7958AA0-8338-4A5A-8268-1C3C6A9407E5}.Debug|Any CPU.ActiveCfg = Debug|Any CPU
		{E7958AA0-8338-4A5A-8268-1C3C6A9407E5}.Debug|Any CPU.Build.0 = Debug|Any CPU
		{E7958AA0-8338-4A5A-8268-1C3C6A9407E5}.Release|Any CPU.ActiveCfg = Release|Any CPU
		{E7958AA0-8338-4A5A-8268-1C3C6A9407E5}.Release|Any CPU.Build.0 = Release|Any CPU
		{2E527A33-6104-49FB-AFE3-913F1C67AC51}.Debug|Any CPU.ActiveCfg = Debug|Any CPU
		{2E527A33-6104-49FB-AFE3-913F1C67AC51}.Debug|Any CPU.Build.0 = Debug|Any CPU
		{2E527A33-6104-49FB-AFE3-913F1C67AC51}.Release|Any CPU.ActiveCfg = Release|Any CPU
		{2E527A33-6104-49FB-AFE3-913F1C67AC51}.Release|Any CPU.Build.0 = Release|Any CPU
		{3C80848A-3F5E-4F52-80DF-F8A1E05FF91C}.Debug|Any CPU.ActiveCfg = Debug|Any CPU
		{3C80848A-3F5E-4F52-80DF-F8A1E05FF91C}.Debug|Any CPU.Build.0 = Debug|Any CPU
		{3C80848A-3F5E-4F52-80DF-F8A1E05FF91C}.Release|Any CPU.ActiveCfg = Release|Any CPU
		{3C80848A-3F5E-4F52-80DF-F8A1E05FF91C}.Release|Any CPU.Build.0 = Release|Any CPU
		{EBC47A6A-6E3D-48D3-ACFA-38E901A6BB8B}.Debug|Any CPU.ActiveCfg = Debug|Any CPU
		{EBC47A6A-6E3D-48D3-ACFA-38E901A6BB8B}.Debug|Any CPU.Build.0 = Debug|Any CPU
		{EBC47A6A-6E3D-48D3-ACFA-38E901A6BB8B}.Release|Any CPU.ActiveCfg = Release|Any CPU
		{EBC47A6A-6E3D-48D3-ACFA-38E901A6BB8B}.Release|Any CPU.Build.0 = Release|Any CPU
		{B71318CB-2BD7-4851-A28D-23C0F80D8CF6}.Debug|Any CPU.ActiveCfg = Debug|Any CPU
		{B71318CB-2BD7-4851-A28D-23C0F80D8CF6}.Debug|Any CPU.Build.0 = Debug|Any CPU
		{B71318CB-2BD7-4851-A28D-23C0F80D8CF6}.Release|Any CPU.ActiveCfg = Release|Any CPU
		{B71318CB-2BD7-4851-A28D-23C0F80D8CF6}.Release|Any CPU.Build.0 = Release|Any CPU
		{5E73974D-360D-4B2F-8112-0147100C905A}.Debug|Any CPU.ActiveCfg = Debug|Any CPU
		{5E73974D-360D-4B2F-8112-0147100C905A}.Debug|Any CPU.Build.0 = Debug|Any CPU
		{5E73974D-360D-4B2F-8112-0147100C905A}.Release|Any CPU.ActiveCfg = Release|Any CPU
		{5E73974D-360D-4B2F-8112-0147100C905A}.Release|Any CPU.Build.0 = Release|Any CPU
		{FE1E7661-A833-4089-9CAC-BAB058E9D919}.Debug|Any CPU.ActiveCfg = Debug|Any CPU
		{FE1E7661-A833-4089-9CAC-BAB058E9D919}.Debug|Any CPU.Build.0 = Debug|Any CPU
		{FE1E7661-A833-4089-9CAC-BAB058E9D919}.Release|Any CPU.ActiveCfg = Release|Any CPU
		{FE1E7661-A833-4089-9CAC-BAB058E9D919}.Release|Any CPU.Build.0 = Release|Any CPU
		{7EC0ABE5-6097-4D2F-A45F-EDAA2AF5BE58}.Debug|Any CPU.ActiveCfg = Debug|Any CPU
		{7EC0ABE5-6097-4D2F-A45F-EDAA2AF5BE58}.Debug|Any CPU.Build.0 = Debug|Any CPU
		{7EC0ABE5-6097-4D2F-A45F-EDAA2AF5BE58}.Release|Any CPU.ActiveCfg = Release|Any CPU
		{7EC0ABE5-6097-4D2F-A45F-EDAA2AF5BE58}.Release|Any CPU.Build.0 = Release|Any CPU
		{921BA32A-336F-4CBA-8D3C-42C9047B3D41}.Debug|Any CPU.ActiveCfg = Debug|Any CPU
		{921BA32A-336F-4CBA-8D3C-42C9047B3D41}.Debug|Any CPU.Build.0 = Debug|Any CPU
		{921BA32A-336F-4CBA-8D3C-42C9047B3D41}.Release|Any CPU.ActiveCfg = Release|Any CPU
		{921BA32A-336F-4CBA-8D3C-42C9047B3D41}.Release|Any CPU.Build.0 = Release|Any CPU
		{D2D27E23-A031-436A-A932-AD78EB0E3729}.Debug|Any CPU.ActiveCfg = Debug|Any CPU
		{D2D27E23-A031-436A-A932-AD78EB0E3729}.Debug|Any CPU.Build.0 = Debug|Any CPU
		{D2D27E23-A031-436A-A932-AD78EB0E3729}.Release|Any CPU.ActiveCfg = Release|Any CPU
		{D2D27E23-A031-436A-A932-AD78EB0E3729}.Release|Any CPU.Build.0 = Release|Any CPU
		{8CD5CF86-6C5B-463A-80D0-AD7E66930F87}.Debug|Any CPU.ActiveCfg = Debug|Any CPU
		{8CD5CF86-6C5B-463A-80D0-AD7E66930F87}.Debug|Any CPU.Build.0 = Debug|Any CPU
		{8CD5CF86-6C5B-463A-80D0-AD7E66930F87}.Release|Any CPU.ActiveCfg = Release|Any CPU
		{8CD5CF86-6C5B-463A-80D0-AD7E66930F87}.Release|Any CPU.Build.0 = Release|Any CPU
		{CD0E0F70-7BA1-4628-8BE5-D60BC99ADB97}.Debug|Any CPU.ActiveCfg = Debug|Any CPU
		{CD0E0F70-7BA1-4628-8BE5-D60BC99ADB97}.Debug|Any CPU.Build.0 = Debug|Any CPU
		{CD0E0F70-7BA1-4628-8BE5-D60BC99ADB97}.Release|Any CPU.ActiveCfg = Release|Any CPU
		{CD0E0F70-7BA1-4628-8BE5-D60BC99ADB97}.Release|Any CPU.Build.0 = Release|Any CPU
		{9259A6C8-1765-4617-812E-D1393B559B07}.Debug|Any CPU.ActiveCfg = Debug|Any CPU
		{9259A6C8-1765-4617-812E-D1393B559B07}.Debug|Any CPU.Build.0 = Debug|Any CPU
		{9259A6C8-1765-4617-812E-D1393B559B07}.Release|Any CPU.ActiveCfg = Release|Any CPU
		{9259A6C8-1765-4617-812E-D1393B559B07}.Release|Any CPU.Build.0 = Release|Any CPU
		{5EC6F1C9-14D8-449E-9167-8C70A5921E10}.Debug|Any CPU.ActiveCfg = Debug|Any CPU
		{5EC6F1C9-14D8-449E-9167-8C70A5921E10}.Debug|Any CPU.Build.0 = Debug|Any CPU
		{5EC6F1C9-14D8-449E-9167-8C70A5921E10}.Release|Any CPU.ActiveCfg = Release|Any CPU
		{5EC6F1C9-14D8-449E-9167-8C70A5921E10}.Release|Any CPU.Build.0 = Release|Any CPU
		{128B2023-4A3D-48D1-9DC9-AC2304E4E80F}.Debug|Any CPU.ActiveCfg = Debug|Any CPU
		{128B2023-4A3D-48D1-9DC9-AC2304E4E80F}.Debug|Any CPU.Build.0 = Debug|Any CPU
		{128B2023-4A3D-48D1-9DC9-AC2304E4E80F}.Release|Any CPU.ActiveCfg = Release|Any CPU
		{128B2023-4A3D-48D1-9DC9-AC2304E4E80F}.Release|Any CPU.Build.0 = Release|Any CPU
		{41510721-C8AB-46F0-A444-4E4C915D2C81}.Debug|Any CPU.ActiveCfg = Debug|Any CPU
		{41510721-C8AB-46F0-A444-4E4C915D2C81}.Debug|Any CPU.Build.0 = Debug|Any CPU
		{41510721-C8AB-46F0-A444-4E4C915D2C81}.Release|Any CPU.ActiveCfg = Release|Any CPU
		{41510721-C8AB-46F0-A444-4E4C915D2C81}.Release|Any CPU.Build.0 = Release|Any CPU
		{45897D4D-C63F-462A-A2E0-D2B42E19E5B4}.Debug|Any CPU.ActiveCfg = Debug|Any CPU
		{45897D4D-C63F-462A-A2E0-D2B42E19E5B4}.Debug|Any CPU.Build.0 = Debug|Any CPU
		{45897D4D-C63F-462A-A2E0-D2B42E19E5B4}.Release|Any CPU.ActiveCfg = Release|Any CPU
		{45897D4D-C63F-462A-A2E0-D2B42E19E5B4}.Release|Any CPU.Build.0 = Release|Any CPU
		{AED407BA-019F-4883-AB70-72BEF18C475E}.Debug|Any CPU.ActiveCfg = Debug|Any CPU
		{AED407BA-019F-4883-AB70-72BEF18C475E}.Debug|Any CPU.Build.0 = Debug|Any CPU
		{AED407BA-019F-4883-AB70-72BEF18C475E}.Release|Any CPU.ActiveCfg = Release|Any CPU
		{AED407BA-019F-4883-AB70-72BEF18C475E}.Release|Any CPU.Build.0 = Release|Any CPU
		{BC0F684D-E979-42FD-8922-4A4A9259BF04}.Debug|Any CPU.ActiveCfg = Debug|Any CPU
		{BC0F684D-E979-42FD-8922-4A4A9259BF04}.Debug|Any CPU.Build.0 = Debug|Any CPU
		{BC0F684D-E979-42FD-8922-4A4A9259BF04}.Release|Any CPU.ActiveCfg = Release|Any CPU
		{BC0F684D-E979-42FD-8922-4A4A9259BF04}.Release|Any CPU.Build.0 = Release|Any CPU
		{F31D0150-3A01-463E-BD7C-B83541E1E979}.Debug|Any CPU.ActiveCfg = Debug|Any CPU
		{F31D0150-3A01-463E-BD7C-B83541E1E979}.Debug|Any CPU.Build.0 = Debug|Any CPU
		{F31D0150-3A01-463E-BD7C-B83541E1E979}.Release|Any CPU.ActiveCfg = Release|Any CPU
		{F31D0150-3A01-463E-BD7C-B83541E1E979}.Release|Any CPU.Build.0 = Release|Any CPU
		{819343F4-A2A3-4808-A0DC-59E628B6C1CA}.Debug|Any CPU.ActiveCfg = Debug|Any CPU
		{819343F4-A2A3-4808-A0DC-59E628B6C1CA}.Debug|Any CPU.Build.0 = Debug|Any CPU
		{819343F4-A2A3-4808-A0DC-59E628B6C1CA}.Release|Any CPU.ActiveCfg = Release|Any CPU
		{819343F4-A2A3-4808-A0DC-59E628B6C1CA}.Release|Any CPU.Build.0 = Release|Any CPU
		{0446C2DC-5631-4CDF-827E-48063AB3B2F4}.Debug|Any CPU.ActiveCfg = Debug|Any CPU
		{0446C2DC-5631-4CDF-827E-48063AB3B2F4}.Debug|Any CPU.Build.0 = Debug|Any CPU
		{0446C2DC-5631-4CDF-827E-48063AB3B2F4}.Release|Any CPU.ActiveCfg = Release|Any CPU
		{0446C2DC-5631-4CDF-827E-48063AB3B2F4}.Release|Any CPU.Build.0 = Release|Any CPU
		{9DC12F91-1D6A-4CD0-AC9B-C665FF600D41}.Debug|Any CPU.ActiveCfg = Debug|Any CPU
		{9DC12F91-1D6A-4CD0-AC9B-C665FF600D41}.Debug|Any CPU.Build.0 = Debug|Any CPU
		{9DC12F91-1D6A-4CD0-AC9B-C665FF600D41}.Release|Any CPU.ActiveCfg = Release|Any CPU
		{9DC12F91-1D6A-4CD0-AC9B-C665FF600D41}.Release|Any CPU.Build.0 = Release|Any CPU
	EndGlobalSection
	GlobalSection(SolutionProperties) = preSolution
		HideSolutionNode = FALSE
	EndGlobalSection
	GlobalSection(NestedProjects) = preSolution
		{A5A116CC-7678-4175-AA5A-1641B083CEF8} = {1B1D6781-2A7F-483C-83BA-0521717CBD74}
		{79EE5A6F-F64D-4E08-B883-3B1CC8AF241F} = {B626AB7C-024D-45E0-B9CF-140F2C4F81C4}
		{ABAAE765-9604-4670-9847-92CB82E9EDE6} = {B626AB7C-024D-45E0-B9CF-140F2C4F81C4}
		{2AC68BFA-2FEC-4F24-A91D-14CABAB65C9A} = {B626AB7C-024D-45E0-B9CF-140F2C4F81C4}
		{B79B84FA-DAB1-4AE8-B12C-523DE8E112C5} = {B626AB7C-024D-45E0-B9CF-140F2C4F81C4}
		{E0531CC2-8E8C-487D-98EA-F96685144986} = {B626AB7C-024D-45E0-B9CF-140F2C4F81C4}
		{E7958AA0-8338-4A5A-8268-1C3C6A9407E5} = {B626AB7C-024D-45E0-B9CF-140F2C4F81C4}
		{2E527A33-6104-49FB-AFE3-913F1C67AC51} = {B626AB7C-024D-45E0-B9CF-140F2C4F81C4}
		{3C80848A-3F5E-4F52-80DF-F8A1E05FF91C} = {B626AB7C-024D-45E0-B9CF-140F2C4F81C4}
		{EBC47A6A-6E3D-48D3-ACFA-38E901A6BB8B} = {B626AB7C-024D-45E0-B9CF-140F2C4F81C4}
		{B71318CB-2BD7-4851-A28D-23C0F80D8CF6} = {B626AB7C-024D-45E0-B9CF-140F2C4F81C4}
		{5E73974D-360D-4B2F-8112-0147100C905A} = {B626AB7C-024D-45E0-B9CF-140F2C4F81C4}
		{FE1E7661-A833-4089-9CAC-BAB058E9D919} = {B626AB7C-024D-45E0-B9CF-140F2C4F81C4}
		{7EC0ABE5-6097-4D2F-A45F-EDAA2AF5BE58} = {B626AB7C-024D-45E0-B9CF-140F2C4F81C4}
		{921BA32A-336F-4CBA-8D3C-42C9047B3D41} = {B626AB7C-024D-45E0-B9CF-140F2C4F81C4}
		{D2D27E23-A031-436A-A932-AD78EB0E3729} = {B626AB7C-024D-45E0-B9CF-140F2C4F81C4}
		{8CD5CF86-6C5B-463A-80D0-AD7E66930F87} = {B626AB7C-024D-45E0-B9CF-140F2C4F81C4}
		{CD0E0F70-7BA1-4628-8BE5-D60BC99ADB97} = {064B7AF7-6033-42A5-87D5-BF889D060C90}
		{9259A6C8-1765-4617-812E-D1393B559B07} = {064B7AF7-6033-42A5-87D5-BF889D060C90}
		{5EC6F1C9-14D8-449E-9167-8C70A5921E10} = {064B7AF7-6033-42A5-87D5-BF889D060C90}
		{128B2023-4A3D-48D1-9DC9-AC2304E4E80F} = {064B7AF7-6033-42A5-87D5-BF889D060C90}
		{41510721-C8AB-46F0-A444-4E4C915D2C81} = {064B7AF7-6033-42A5-87D5-BF889D060C90}
		{45897D4D-C63F-462A-A2E0-D2B42E19E5B4} = {064B7AF7-6033-42A5-87D5-BF889D060C90}
		{AED407BA-019F-4883-AB70-72BEF18C475E} = {064B7AF7-6033-42A5-87D5-BF889D060C90}
		{BC0F684D-E979-42FD-8922-4A4A9259BF04} = {064B7AF7-6033-42A5-87D5-BF889D060C90}
		{F31D0150-3A01-463E-BD7C-B83541E1E979} = {064B7AF7-6033-42A5-87D5-BF889D060C90}
		{819343F4-A2A3-4808-A0DC-59E628B6C1CA} = {064B7AF7-6033-42A5-87D5-BF889D060C90}
		{0446C2DC-5631-4CDF-827E-48063AB3B2F4} = {064B7AF7-6033-42A5-87D5-BF889D060C90}
		{9DC12F91-1D6A-4CD0-AC9B-C665FF600D41} = {064B7AF7-6033-42A5-87D5-BF889D060C90}
	EndGlobalSection
	GlobalSection(ExtensibilityGlobals) = postSolution
		SolutionGuid = {AC2333C4-1E4B-4A8C-B3A1-EED307BEFEE6}
	EndGlobalSection
EndGlobal
