
Microsoft Visual Studio Solution File, Format Version 12.00
# Visual Studio Version 16
VisualStudioVersion = 16.0.31229.75
MinimumVisualStudioVersion = 10.0.40219.1
Project("{9A19103F-16F7-4668-BE54-9A1E7A4F7556}") = "HelloApp", "HelloApp\HelloApp.csproj", "{A5A116CC-7678-4175-AA5A-1641B083CEF8}"
EndProject
Project("{9A19103F-16F7-4668-BE54-9A1E7A4F7556}") = "Variable", "Variable\Variable.csproj", "{79EE5A6F-F64D-4E08-B883-3B1CC8AF241F}"
EndProject
Project("{9A19103F-16F7-4668-BE54-9A1E7A4F7556}") = "Types", "Types\Types.csproj", "{ABAAE765-9604-4670-9847-92CB82E9EDE6}"
EndProject
Project("{9A19103F-16F7-4668-BE54-9A1E7A4F7556}") = "ConsoleInputOutput", "ConsoleInputOutput\ConsoleInputOutput.csproj", "{2AC68BFA-2FEC-4F24-A91D-14CABAB65C9A}"
EndProject
Project("{9A19103F-16F7-4668-BE54-9A1E7A4F7556}") = "IncrementDecrement", "IncrementDecrement\IncrementDecrement.csproj", "{B79B84FA-DAB1-4AE8-B12C-523DE8E112C5}"
EndProject
Project("{9A19103F-16F7-4668-BE54-9A1E7A4F7556}") = "SimpleXOR", "SimpleXOR\SimpleXOR.csproj", "{E0531CC2-8E8C-487D-98EA-F96685144986}"
EndProject
Project("{9A19103F-16F7-4668-BE54-9A1E7A4F7556}") = "SimpleTryCatch", "SimpleTryCatch\SimpleTryCatch.csproj", "{E7958AA0-8338-4A5A-8268-1C3C6A9407E5}"
EndProject
Project("{9A19103F-16F7-4668-BE54-9A1E7A4F7556}") = "SimpleIfElseSwitchCase", "SimpleIfElseSwitchCase\SimpleIfElseSwitchCase.csproj", "{2E527A33-6104-49FB-AFE3-913F1C67AC51}"
EndProject
Project("{9A19103F-16F7-4668-BE54-9A1E7A4F7556}") = "SimpleCycle", "SimpleCycle\SimpleCycle.csproj", "{3C80848A-3F5E-4F52-80DF-F8A1E05FF91C}"
EndProject
Project("{FAE04EC0-301F-11D3-BF4B-00C04F79EFBC}") = "SimpleMassiv", "SimpleMassiv\SimpleMassiv.csproj", "{EBC47A6A-6E3D-48D3-ACFA-38E901A6BB8B}"
EndProject
Global
	GlobalSection(SolutionConfigurationPlatforms) = preSolution
		Debug|Any CPU = Debug|Any CPU
		Release|Any CPU = Release|Any CPU
	EndGlobalSection
	GlobalSection(ProjectConfigurationPlatforms) = postSolution
		{A5A116CC-7678-4175-AA5A-1641B083CEF8}.Debug|Any CPU.ActiveCfg = Debug|Any CPU
		{A5A116CC-7678-4175-AA5A-1641B083CEF8}.Debug|Any CPU.Build.0 = Debug|Any CPU
		{A5A116CC-7678-4175-AA5A-1641B083CEF8}.Release|Any CPU.ActiveCfg = Release|Any CPU
		{A5A116CC-7678-4175-AA5A-1641B083CEF8}.Release|Any CPU.Build.0 = Release|Any CPU
		{79EE5A6F-F64D-4E08-B883-3B1CC8AF241F}.Debug|Any CPU.ActiveCfg = Debug|Any CPU
		{79EE5A6F-F64D-4E08-B883-3B1CC8AF241F}.Debug|Any CPU.Build.0 = Debug|Any CPU
		{79EE5A6F-F64D-4E08-B883-3B1CC8AF241F}.Release|Any CPU.ActiveCfg = Release|Any CPU
		{79EE5A6F-F64D-4E08-B883-3B1CC8AF241F}.Release|Any CPU.Build.0 = Release|Any CPU
		{ABAAE765-9604-4670-9847-92CB82E9EDE6}.Debug|Any CPU.ActiveCfg = Debug|Any CPU
		{ABAAE765-9604-4670-9847-92CB82E9EDE6}.Debug|Any CPU.Build.0 = Debug|Any CPU
		{ABAAE765-9604-4670-9847-92CB82E9EDE6}.Release|Any CPU.ActiveCfg = Release|Any CPU
		{ABAAE765-9604-4670-9847-92CB82E9EDE6}.Release|Any CPU.Build.0 = Release|Any CPU
		{2AC68BFA-2FEC-4F24-A91D-14CABAB65C9A}.Debug|Any CPU.ActiveCfg = Debug|Any CPU
		{2AC68BFA-2FEC-4F24-A91D-14CABAB65C9A}.Debug|Any CPU.Build.0 = Debug|Any CPU
		{2AC68BFA-2FEC-4F24-A91D-14CABAB65C9A}.Release|Any CPU.ActiveCfg = Release|Any CPU
		{2AC68BFA-2FEC-4F24-A91D-14CABAB65C9A}.Release|Any CPU.Build.0 = Release|Any CPU
		{B79B84FA-DAB1-4AE8-B12C-523DE8E112C5}.Debug|Any CPU.ActiveCfg = Debug|Any CPU
		{B79B84FA-DAB1-4AE8-B12C-523DE8E112C5}.Debug|Any CPU.Build.0 = Debug|Any CPU
		{B79B84FA-DAB1-4AE8-B12C-523DE8E112C5}.Release|Any CPU.ActiveCfg = Release|Any CPU
		{B79B84FA-DAB1-4AE8-B12C-523DE8E112C5}.Release|Any CPU.Build.0 = Release|Any CPU
		{E0531CC2-8E8C-487D-98EA-F96685144986}.Debug|Any CPU.ActiveCfg = Debug|Any CPU
		{E0531CC2-8E8C-487D-98EA-F96685144986}.Debug|Any CPU.Build.0 = Debug|Any CPU
		{E0531CC2-8E8C-487D-98EA-F96685144986}.Release|Any CPU.ActiveCfg = Release|Any CPU
		{E0531CC2-8E8C-487D-98EA-F96685144986}.Release|Any CPU.Build.0 = Release|Any CPU
		{E7958AA0-8338-4A5A-8268-1C3C6A9407E5}.Debug|Any CPU.ActiveCfg = Debug|Any CPU
		{E7958AA0-8338-4A5A-8268-1C3C6A9407E5}.Debug|Any CPU.Build.0 = Debug|Any CPU
		{E7958AA0-8338-4A5A-8268-1C3C6A9407E5}.Release|Any CPU.ActiveCfg = Release|Any CPU
		{E7958AA0-8338-4A5A-8268-1C3C6A9407E5}.Release|Any CPU.Build.0 = Release|Any CPU
		{2E527A33-6104-49FB-AFE3-913F1C67AC51}.Debug|Any CPU.ActiveCfg = Debug|Any CPU
		{2E527A33-6104-49FB-AFE3-913F1C67AC51}.Debug|Any CPU.Build.0 = Debug|Any CPU
		{2E527A33-6104-49FB-AFE3-913F1C67AC51}.Release|Any CPU.ActiveCfg = Release|Any CPU
		{2E527A33-6104-49FB-AFE3-913F1C67AC51}.Release|Any CPU.Build.0 = Release|Any CPU
		{3C80848A-3F5E-4F52-80DF-F8A1E05FF91C}.Debug|Any CPU.ActiveCfg = Debug|Any CPU
		{3C80848A-3F5E-4F52-80DF-F8A1E05FF91C}.Debug|Any CPU.Build.0 = Debug|Any CPU
		{3C80848A-3F5E-4F52-80DF-F8A1E05FF91C}.Release|Any CPU.ActiveCfg = Release|Any CPU
		{3C80848A-3F5E-4F52-80DF-F8A1E05FF91C}.Release|Any CPU.Build.0 = Release|Any CPU
		{EBC47A6A-6E3D-48D3-ACFA-38E901A6BB8B}.Debug|Any CPU.ActiveCfg = Debug|Any CPU
		{EBC47A6A-6E3D-48D3-ACFA-38E901A6BB8B}.Debug|Any CPU.Build.0 = Debug|Any CPU
		{EBC47A6A-6E3D-48D3-ACFA-38E901A6BB8B}.Release|Any CPU.ActiveCfg = Release|Any CPU
		{EBC47A6A-6E3D-48D3-ACFA-38E901A6BB8B}.Release|Any CPU.Build.0 = Release|Any CPU
	EndGlobalSection
	GlobalSection(SolutionProperties) = preSolution
		HideSolutionNode = FALSE
	EndGlobalSection
	GlobalSection(ExtensibilityGlobals) = postSolution
		SolutionGuid = {AC2333C4-1E4B-4A8C-B3A1-EED307BEFEE6}
	EndGlobalSection
EndGlobal
